
Microsoft Visual Studio Solution File, Format Version 12.00
# Visual Studio 15
VisualStudioVersion = 15.0.28010.2046
MinimumVisualStudioVersion = 10.0.40219.1
Project("{9A19103F-16F7-4668-BE54-9A1E7A4F7556}") = "AzureVisionCognitiveServicesDemo", "AzureVisionCognitiveServicesDemo\AzureVisionCognitiveServicesDemo.csproj", "{A7845554-1F73-46AE-8BA6-CB3ABC864D8F}"
EndProject
Project("{FAE04EC0-301F-11D3-BF4B-00C04F79EFBC}") = "AzureVisionCognitiveServicesDemo.FaceIdentification", "AzureVisionCognitiveServicesDemo.FaceIdentification\AzureVisionCognitiveServicesDemo.FaceIdentification.csproj", "{D128DF42-DED8-41B9-A6A3-248A2050E72F}"
EndProject
Project("{FAE04EC0-301F-11D3-BF4B-00C04F79EFBC}") = "AzureVisionCognitiveServicesDemo.FaceGrouping", "AzureVisionCognitiveServicesDemo.FaceGrouping\AzureVisionCognitiveServicesDemo.FaceGrouping.csproj", "{EE9E5ABF-C5FC-4E85-9F34-90F52A0679B6}"
EndProject
Global
	GlobalSection(SolutionConfigurationPlatforms) = preSolution
		Debug|Any CPU = Debug|Any CPU
		Release|Any CPU = Release|Any CPU
	EndGlobalSection
	GlobalSection(ProjectConfigurationPlatforms) = postSolution
		{A7845554-1F73-46AE-8BA6-CB3ABC864D8F}.Debug|Any CPU.ActiveCfg = Debug|Any CPU
		{A7845554-1F73-46AE-8BA6-CB3ABC864D8F}.Debug|Any CPU.Build.0 = Debug|Any CPU
		{A7845554-1F73-46AE-8BA6-CB3ABC864D8F}.Release|Any CPU.ActiveCfg = Release|Any CPU
		{A7845554-1F73-46AE-8BA6-CB3ABC864D8F}.Release|Any CPU.Build.0 = Release|Any CPU
		{D128DF42-DED8-41B9-A6A3-248A2050E72F}.Debug|Any CPU.ActiveCfg = Debug|Any CPU
		{D128DF42-DED8-41B9-A6A3-248A2050E72F}.Debug|Any CPU.Build.0 = Debug|Any CPU
		{D128DF42-DED8-41B9-A6A3-248A2050E72F}.Release|Any CPU.ActiveCfg = Release|Any CPU
		{D128DF42-DED8-41B9-A6A3-248A2050E72F}.Release|Any CPU.Build.0 = Release|Any CPU
		{EE9E5ABF-C5FC-4E85-9F34-90F52A0679B6}.Debug|Any CPU.ActiveCfg = Debug|Any CPU
		{EE9E5ABF-C5FC-4E85-9F34-90F52A0679B6}.Debug|Any CPU.Build.0 = Debug|Any CPU
		{EE9E5ABF-C5FC-4E85-9F34-90F52A0679B6}.Release|Any CPU.ActiveCfg = Release|Any CPU
		{EE9E5ABF-C5FC-4E85-9F34-90F52A0679B6}.Release|Any CPU.Build.0 = Release|Any CPU
	EndGlobalSection
	GlobalSection(SolutionProperties) = preSolution
		HideSolutionNode = FALSE
	EndGlobalSection
	GlobalSection(ExtensibilityGlobals) = postSolution
		SolutionGuid = {5A2B77CD-BA00-4549-A71B-83262A81D61D}
	EndGlobalSection
EndGlobal
